
Microsoft Visual Studio Solution File, Format Version 11.00
# Visual Studio 2010
Project("{8BC9CEB8-8B4A-11D0-8D11-00A0C91BC942}") = "SimpleGLUT", "SimpleGLUT.vcxproj", "{84F4AB94-FBB0-A4D7-2CD6-C9D3F8F8F78F}"
EndProject
Global
	GlobalSection(SolutionConfigurationPlatforms) = preSolution
		Debug|Win32 = Debug|Win32
		Release|Win32 = Release|Win32
	EndGlobalSection
	GlobalSection(ProjectConfigurationPlatforms) = postSolution
		{84F4AB94-FBB0-A4D7-2CD6-C9D3F8F8F78F}.Debug|Win32.ActiveCfg = Debug|Win32
		{84F4AB94-FBB0-A4D7-2CD6-C9D3F8F8F78F}.Debug|Win32.Build.0 = Debug|Win32
		{84F4AB94-FBB0-A4D7-2CD6-C9D3F8F8F78F}.Release|Win32.ActiveCfg = Release|Win32
		{84F4AB94-FBB0-A4D7-2CD6-C9D3F8F8F78F}.Release|Win32.Build.0 = Release|Win32
	EndGlobalSection
	GlobalSection(SolutionProperties) = preSolution
		HideSolutionNode = FALSE
	EndGlobalSection
EndGlobal
